
Microsoft Visual Studio Solution File, Format Version 12.00
# Visual Studio Version 17
VisualStudioVersion = 17.8.34330.188
MinimumVisualStudioVersion = 10.0.40219.1
Project("{FAE04EC0-301F-11D3-BF4B-00C04F79EFBC}") = "Console_State_pattern", "Console_State_pattern.csproj", "{7F965A71-1C71-4FC7-A55D-360D539D2AB2}"
EndProject
Global
	GlobalSection(SolutionConfigurationPlatforms) = preSolution
		Debug|Any CPU = Debug|Any CPU
		Release|Any CPU = Release|Any CPU
	EndGlobalSection
	GlobalSection(ProjectConfigurationPlatforms) = postSolution
		{7F965A71-1C71-4FC7-A55D-360D539D2AB2}.Debug|Any CPU.ActiveCfg = Debug|Any CPU
		{7F965A71-1C71-4FC7-A55D-360D539D2AB2}.Debug|Any CPU.Build.0 = Debug|Any CPU
		{7F965A71-1C71-4FC7-A55D-360D539D2AB2}.Release|Any CPU.ActiveCfg = Release|Any CPU
		{7F965A71-1C71-4FC7-A55D-360D539D2AB2}.Release|Any CPU.Build.0 = Release|Any CPU
	EndGlobalSection
	GlobalSection(SolutionProperties) = preSolution
		HideSolutionNode = FALSE
	EndGlobalSection
	GlobalSection(ExtensibilityGlobals) = postSolution
		SolutionGuid = {4863F6FE-C4AE-4CB5-93C8-7D7FE5AA6208}
	EndGlobalSection
EndGlobal
