
Microsoft Visual Studio Solution File, Format Version 12.00
# Visual Studio Version 17
VisualStudioVersion = 17.8.34330.188
MinimumVisualStudioVersion = 10.0.40219.1
Project("{FAE04EC0-301F-11D3-BF4B-00C04F79EFBC}") = "Console_Decorator_pattern", "Console_Decorator_pattern.csproj", "{04A37112-85BF-4D46-9AA0-02998CCD8138}"
EndProject
Global
	GlobalSection(SolutionConfigurationPlatforms) = preSolution
		Debug|Any CPU = Debug|Any CPU
		Release|Any CPU = Release|Any CPU
	EndGlobalSection
	GlobalSection(ProjectConfigurationPlatforms) = postSolution
		{04A37112-85BF-4D46-9AA0-02998CCD8138}.Debug|Any CPU.ActiveCfg = Debug|Any CPU
		{04A37112-85BF-4D46-9AA0-02998CCD8138}.Debug|Any CPU.Build.0 = Debug|Any CPU
		{04A37112-85BF-4D46-9AA0-02998CCD8138}.Release|Any CPU.ActiveCfg = Release|Any CPU
		{04A37112-85BF-4D46-9AA0-02998CCD8138}.Release|Any CPU.Build.0 = Release|Any CPU
	EndGlobalSection
	GlobalSection(SolutionProperties) = preSolution
		HideSolutionNode = FALSE
	EndGlobalSection
	GlobalSection(ExtensibilityGlobals) = postSolution
		SolutionGuid = {AF5CC2F9-CCA6-4940-AE46-BB1005297046}
	EndGlobalSection
EndGlobal
