
Microsoft Visual Studio Solution File, Format Version 12.00
# Visual Studio Version 17
VisualStudioVersion = 17.8.34309.116
MinimumVisualStudioVersion = 10.0.40219.1
Project("{FAE04EC0-301F-11D3-BF4B-00C04F79EFBC}") = "WpfStudy05", "WpfStudy05\WpfStudy05.csproj", "{EB13AFC1-EAF5-4E27-BCB4-8DB432FEECF5}"
EndProject
Global
	GlobalSection(SolutionConfigurationPlatforms) = preSolution
		Debug|Any CPU = Debug|Any CPU
		Release|Any CPU = Release|Any CPU
	EndGlobalSection
	GlobalSection(ProjectConfigurationPlatforms) = postSolution
		{EB13AFC1-EAF5-4E27-BCB4-8DB432FEECF5}.Debug|Any CPU.ActiveCfg = Debug|Any CPU
		{EB13AFC1-EAF5-4E27-BCB4-8DB432FEECF5}.Debug|Any CPU.Build.0 = Debug|Any CPU
		{EB13AFC1-EAF5-4E27-BCB4-8DB432FEECF5}.Release|Any CPU.ActiveCfg = Release|Any CPU
		{EB13AFC1-EAF5-4E27-BCB4-8DB432FEECF5}.Release|Any CPU.Build.0 = Release|Any CPU
	EndGlobalSection
	GlobalSection(SolutionProperties) = preSolution
		HideSolutionNode = FALSE
	EndGlobalSection
	GlobalSection(ExtensibilityGlobals) = postSolution
		SolutionGuid = {5C935776-84C2-4341-AAA8-82E6E1CA5963}
	EndGlobalSection
EndGlobal
